
Microsoft Visual Studio Solution File, Format Version 12.00
# Visual Studio Version 16
VisualStudioVersion = 25.0.1704.0
MinimumVisualStudioVersion = 10.0.40219.1
Project("{FAE04EC0-301F-11D3-BF4B-00C04F79EFBC}") = "CSharp.Beginner.Microservice.Restful", "CSharp.Beginner.Microservice.Restful\CSharp.Beginner.Microservice.Restful.csproj", "{1E46D310-C190-45E0-AFA2-2A197F54EF31}"
EndProject
Global
	GlobalSection(SolutionConfigurationPlatforms) = preSolution
		Debug|Any CPU = Debug|Any CPU
		Release|Any CPU = Release|Any CPU
	EndGlobalSection
	GlobalSection(ProjectConfigurationPlatforms) = postSolution
		{1E46D310-C190-45E0-AFA2-2A197F54EF31}.Debug|Any CPU.ActiveCfg = Debug|Any CPU
		{1E46D310-C190-45E0-AFA2-2A197F54EF31}.Debug|Any CPU.Build.0 = Debug|Any CPU
		{1E46D310-C190-45E0-AFA2-2A197F54EF31}.Release|Any CPU.ActiveCfg = Release|Any CPU
		{1E46D310-C190-45E0-AFA2-2A197F54EF31}.Release|Any CPU.Build.0 = Release|Any CPU
	EndGlobalSection
	GlobalSection(SolutionProperties) = preSolution
		HideSolutionNode = FALSE
	EndGlobalSection
	GlobalSection(ExtensibilityGlobals) = postSolution
		SolutionGuid = {73453A70-7512-4A11-B826-0B8D4241DCB9}
	EndGlobalSection
EndGlobal
